
Microsoft Visual Studio Solution File, Format Version 12.00
# Visual Studio 15
VisualStudioVersion = 15.0.26430.6
MinimumVisualStudioVersion = 10.0.40219.1
Project("{FAE04EC0-301F-11D3-BF4B-00C04F79EFBC}") = "Qbg.Webfront", "Qbg.Webfront\Qbg.Webfront.csproj", "{D1222A24-9F64-4F2F-9556-6DB60B943C8A}"
EndProject
Project("{FAE04EC0-301F-11D3-BF4B-00C04F79EFBC}") = "Qbg.Data", "Qbg.Data\Qbg.Data.csproj", "{5EBE171E-B037-45AA-B934-42649A2B935D}"
EndProject
Project("{FAE04EC0-301F-11D3-BF4B-00C04F79EFBC}") = "Qbg.Services", "Qbg.Services\Qbg.Services.csproj", "{9452B56B-50F6-481B-A3F3-4F396597847B}"
EndProject
Project("{FAE04EC0-301F-11D3-BF4B-00C04F79EFBC}") = "Qbg.IServices", "Qbg.IServices\Qbg.IServices.csproj", "{D9D53904-9410-4670-A01F-338D97BEE0B0}"
EndProject
Project("{FAE04EC0-301F-11D3-BF4B-00C04F79EFBC}") = "Qbg.MySqlEfRepos", "Qbg.Repos\Qbg.MySqlEfRepos.csproj", "{ED0B112C-5010-4726-9EE8-4CC5E2499A03}"
EndProject
Project("{FAE04EC0-301F-11D3-BF4B-00C04F79EFBC}") = "Qbg.IRepos", "Qbg.IRepos\Qbg.IRepos.csproj", "{1BB74081-8388-4D73-B9D2-5A2194F2C51F}"
EndProject
Project("{2150E333-8FDC-42A3-9474-1A3956D46DE8}") = "01- Fronts", "01- Fronts", "{B9398172-3314-43CD-AB2B-54B4E2FC32EE}"
EndProject
Project("{2150E333-8FDC-42A3-9474-1A3956D46DE8}") = "02- Services", "02- Services", "{CAD08CA8-A56C-4C85-BACA-045F2EA22F18}"
EndProject
Project("{2150E333-8FDC-42A3-9474-1A3956D46DE8}") = "03- Repos", "03- Repos", "{D78A609C-8681-43EF-A428-0DCC220E3123}"
EndProject
Project("{2150E333-8FDC-42A3-9474-1A3956D46DE8}") = "04- Data", "04- Data", "{29EDC85F-D75E-4034-A271-54852C892B41}"
EndProject
Project("{E53339B2-1760-4266-BCC7-CA923CBCF16C}") = "docker-compose", "docker-compose.dcproj", "{9D335F6B-97B7-471D-BBBB-8AE1E2E70759}"
EndProject
Global
	GlobalSection(SolutionConfigurationPlatforms) = preSolution
		Debug|Any CPU = Debug|Any CPU
		Release|Any CPU = Release|Any CPU
	EndGlobalSection
	GlobalSection(ProjectConfigurationPlatforms) = postSolution
		{D1222A24-9F64-4F2F-9556-6DB60B943C8A}.Debug|Any CPU.ActiveCfg = Debug|Any CPU
		{D1222A24-9F64-4F2F-9556-6DB60B943C8A}.Debug|Any CPU.Build.0 = Debug|Any CPU
		{D1222A24-9F64-4F2F-9556-6DB60B943C8A}.Release|Any CPU.ActiveCfg = Release|Any CPU
		{D1222A24-9F64-4F2F-9556-6DB60B943C8A}.Release|Any CPU.Build.0 = Release|Any CPU
		{5EBE171E-B037-45AA-B934-42649A2B935D}.Debug|Any CPU.ActiveCfg = Debug|Any CPU
		{5EBE171E-B037-45AA-B934-42649A2B935D}.Debug|Any CPU.Build.0 = Debug|Any CPU
		{5EBE171E-B037-45AA-B934-42649A2B935D}.Release|Any CPU.ActiveCfg = Release|Any CPU
		{5EBE171E-B037-45AA-B934-42649A2B935D}.Release|Any CPU.Build.0 = Release|Any CPU
		{9452B56B-50F6-481B-A3F3-4F396597847B}.Debug|Any CPU.ActiveCfg = Debug|Any CPU
		{9452B56B-50F6-481B-A3F3-4F396597847B}.Debug|Any CPU.Build.0 = Debug|Any CPU
		{9452B56B-50F6-481B-A3F3-4F396597847B}.Release|Any CPU.ActiveCfg = Release|Any CPU
		{9452B56B-50F6-481B-A3F3-4F396597847B}.Release|Any CPU.Build.0 = Release|Any CPU
		{D9D53904-9410-4670-A01F-338D97BEE0B0}.Debug|Any CPU.ActiveCfg = Debug|Any CPU
		{D9D53904-9410-4670-A01F-338D97BEE0B0}.Debug|Any CPU.Build.0 = Debug|Any CPU
		{D9D53904-9410-4670-A01F-338D97BEE0B0}.Release|Any CPU.ActiveCfg = Release|Any CPU
		{D9D53904-9410-4670-A01F-338D97BEE0B0}.Release|Any CPU.Build.0 = Release|Any CPU
		{ED0B112C-5010-4726-9EE8-4CC5E2499A03}.Debug|Any CPU.ActiveCfg = Debug|Any CPU
		{ED0B112C-5010-4726-9EE8-4CC5E2499A03}.Debug|Any CPU.Build.0 = Debug|Any CPU
		{ED0B112C-5010-4726-9EE8-4CC5E2499A03}.Release|Any CPU.ActiveCfg = Release|Any CPU
		{ED0B112C-5010-4726-9EE8-4CC5E2499A03}.Release|Any CPU.Build.0 = Release|Any CPU
		{1BB74081-8388-4D73-B9D2-5A2194F2C51F}.Debug|Any CPU.ActiveCfg = Debug|Any CPU
		{1BB74081-8388-4D73-B9D2-5A2194F2C51F}.Debug|Any CPU.Build.0 = Debug|Any CPU
		{1BB74081-8388-4D73-B9D2-5A2194F2C51F}.Release|Any CPU.ActiveCfg = Release|Any CPU
		{1BB74081-8388-4D73-B9D2-5A2194F2C51F}.Release|Any CPU.Build.0 = Release|Any CPU
		{9D335F6B-97B7-471D-BBBB-8AE1E2E70759}.Debug|Any CPU.ActiveCfg = Debug|Any CPU
		{9D335F6B-97B7-471D-BBBB-8AE1E2E70759}.Debug|Any CPU.Build.0 = Debug|Any CPU
		{9D335F6B-97B7-471D-BBBB-8AE1E2E70759}.Release|Any CPU.ActiveCfg = Release|Any CPU
		{9D335F6B-97B7-471D-BBBB-8AE1E2E70759}.Release|Any CPU.Build.0 = Release|Any CPU
	EndGlobalSection
	GlobalSection(SolutionProperties) = preSolution
		HideSolutionNode = FALSE
	EndGlobalSection
	GlobalSection(NestedProjects) = preSolution
		{D1222A24-9F64-4F2F-9556-6DB60B943C8A} = {B9398172-3314-43CD-AB2B-54B4E2FC32EE}
		{5EBE171E-B037-45AA-B934-42649A2B935D} = {29EDC85F-D75E-4034-A271-54852C892B41}
		{9452B56B-50F6-481B-A3F3-4F396597847B} = {CAD08CA8-A56C-4C85-BACA-045F2EA22F18}
		{D9D53904-9410-4670-A01F-338D97BEE0B0} = {CAD08CA8-A56C-4C85-BACA-045F2EA22F18}
		{ED0B112C-5010-4726-9EE8-4CC5E2499A03} = {D78A609C-8681-43EF-A428-0DCC220E3123}
		{1BB74081-8388-4D73-B9D2-5A2194F2C51F} = {D78A609C-8681-43EF-A428-0DCC220E3123}
	EndGlobalSection
EndGlobal
